
Microsoft Visual Studio Solution File, Format Version 12.00
# Visual Studio 15
VisualStudioVersion = 15.0.27130.2024
MinimumVisualStudioVersion = 10.0.40219.1
Project("{FAE04EC0-301F-11D3-BF4B-00C04F79EFBC}") = "DockerApp", "DockerApp\DockerApp.csproj", "{40D83D3B-2780-4867-9264-B8303133629C}"
EndProject
Project("{E53339B2-1760-4266-BCC7-CA923CBCF16C}") = "docker-compose", "docker-compose.dcproj", "{581CEAEB-61B9-4E01-B9D2-D30F07573FFC}"
EndProject
Global
	GlobalSection(SolutionConfigurationPlatforms) = preSolution
		Debug|Any CPU = Debug|Any CPU
		Release|Any CPU = Release|Any CPU
	EndGlobalSection
	GlobalSection(ProjectConfigurationPlatforms) = postSolution
		{40D83D3B-2780-4867-9264-B8303133629C}.Debug|Any CPU.ActiveCfg = Debug|Any CPU
		{40D83D3B-2780-4867-9264-B8303133629C}.Debug|Any CPU.Build.0 = Debug|Any CPU
		{40D83D3B-2780-4867-9264-B8303133629C}.Release|Any CPU.ActiveCfg = Release|Any CPU
		{40D83D3B-2780-4867-9264-B8303133629C}.Release|Any CPU.Build.0 = Release|Any CPU
		{581CEAEB-61B9-4E01-B9D2-D30F07573FFC}.Debug|Any CPU.ActiveCfg = Debug|Any CPU
		{581CEAEB-61B9-4E01-B9D2-D30F07573FFC}.Debug|Any CPU.Build.0 = Debug|Any CPU
		{581CEAEB-61B9-4E01-B9D2-D30F07573FFC}.Release|Any CPU.ActiveCfg = Release|Any CPU
		{581CEAEB-61B9-4E01-B9D2-D30F07573FFC}.Release|Any CPU.Build.0 = Release|Any CPU
	EndGlobalSection
	GlobalSection(SolutionProperties) = preSolution
		HideSolutionNode = FALSE
	EndGlobalSection
	GlobalSection(ExtensibilityGlobals) = postSolution
		SolutionGuid = {00066CA5-24C4-4702-B2AD-0DE249020029}
	EndGlobalSection
EndGlobal
